
Microsoft Visual Studio Solution File, Format Version 12.00
# Visual Studio Version 17
VisualStudioVersion = 17.2.32505.173
MinimumVisualStudioVersion = 10.0.40219.1
Project("{8BC9CEB8-8B4A-11D0-8D11-00A0C91BC942}") = "List", "List\List.vcxproj", "{EC18ECE5-A0CA-4205-8A19-4F0BE0FA5DD9}"
EndProject
Global
	GlobalSection(SolutionConfigurationPlatforms) = preSolution
		Debug|x64 = Debug|x64
		Debug|x86 = Debug|x86
		Release|x64 = Release|x64
		Release|x86 = Release|x86
	EndGlobalSection
	GlobalSection(ProjectConfigurationPlatforms) = postSolution
		{EC18ECE5-A0CA-4205-8A19-4F0BE0FA5DD9}.Debug|x64.ActiveCfg = Debug|x64
		{EC18ECE5-A0CA-4205-8A19-4F0BE0FA5DD9}.Debug|x64.Build.0 = Debug|x64
		{EC18ECE5-A0CA-4205-8A19-4F0BE0FA5DD9}.Debug|x86.ActiveCfg = Debug|Win32
		{EC18ECE5-A0CA-4205-8A19-4F0BE0FA5DD9}.Debug|x86.Build.0 = Debug|Win32
		{EC18ECE5-A0CA-4205-8A19-4F0BE0FA5DD9}.Release|x64.ActiveCfg = Release|x64
		{EC18ECE5-A0CA-4205-8A19-4F0BE0FA5DD9}.Release|x64.Build.0 = Release|x64
		{EC18ECE5-A0CA-4205-8A19-4F0BE0FA5DD9}.Release|x86.ActiveCfg = Release|Win32
		{EC18ECE5-A0CA-4205-8A19-4F0BE0FA5DD9}.Release|x86.Build.0 = Release|Win32
	EndGlobalSection
	GlobalSection(SolutionProperties) = preSolution
		HideSolutionNode = FALSE
	EndGlobalSection
	GlobalSection(ExtensibilityGlobals) = postSolution
		SolutionGuid = {26F39903-B44F-4AD5-AE6A-9F6ACE25E3EB}
	EndGlobalSection
EndGlobal
